
Microsoft Visual Studio Solution File, Format Version 12.00
# Visual Studio Version 16
VisualStudioVersion = 16.0.29905.134
MinimumVisualStudioVersion = 10.0.40219.1
Project("{9A19103F-16F7-4668-BE54-9A1E7A4F7556}") = "HarmonyMod", "HarmonyMod\HarmonyMod.csproj", "{1821BC25-9494-40B7-8229-945C60C16BC2}"
	ProjectSection(ProjectDependencies) = postProject
		{D80AFD7C-CB94-4696-B1F8-6255A5B07FB0} = {D80AFD7C-CB94-4696-B1F8-6255A5B07FB0}
	EndProjectSection
EndProject
Project("{FAE04EC0-301F-11D3-BF4B-00C04F79EFBC}") = "IAwareness0", "IAmAware\IAwareness0.csproj", "{2A8BFCFE-DC32-4227-870C-ADDB18858608}"
EndProject
Project("{9A19103F-16F7-4668-BE54-9A1E7A4F7556}") = "Harmony-v2", "Harmony-v2\Harmony\Harmony-v2.csproj", "{608C45F0-E72F-4436-B9EA-4D108B42313B}"
EndProject
Project("{9A19103F-16F7-4668-BE54-9A1E7A4F7556}") = "Compat-Harmony-2.0.1.0", "Compat-Harmony-2.0.1.0\Harmony\Compat-Harmony-2.0.1.0.csproj", "{9237178B-7F26-4768-B897-B54E690B10F8}"
EndProject
Project("{9A19103F-16F7-4668-BE54-9A1E7A4F7556}") = "Compat-CitiesHarmony.Harmony-2.0.4.0", "Compat-CitiesHarmony.Harmony-2.0.4.0\Harmony\Compat-CitiesHarmony.Harmony-2.0.4.0.csproj", "{4F26A041-2AD5-4A91-93E7-8FA03EB456FF}"
EndProject
Project("{FAE04EC0-301F-11D3-BF4B-00C04F79EFBC}") = "Compat-CitiesHarmony-Mod", "Compat-CitiesHarmony-Mod\Compat-CitiesHarmony-Mod.csproj", "{D80AFD7C-CB94-4696-B1F8-6255A5B07FB0}"
EndProject
Project("{2150E333-8FDC-42A3-9474-1A3956D46DE8}") = "API.Tests", "API.Tests", "{0F83BF35-817F-4E70-BBC0-88F689484C73}"
EndProject
Project("{2150E333-8FDC-42A3-9474-1A3956D46DE8}") = "Compatibility", "Compatibility", "{04E56FB8-877B-40F2-A88C-4F8729323B35}"
EndProject
Project("{9A19103F-16F7-4668-BE54-9A1E7A4F7556}") = "Compat-Harmony-2.0.0.9", "Compat-Harmony-2.0.0.9\Harmony\Compat-Harmony-2.0.0.9.csproj", "{B1957D5E-871E-4503-96AE-C091A46D8BF9}"
EndProject
Project("{9A19103F-16F7-4668-BE54-9A1E7A4F7556}") = "MonoMod.Common", "MonoMod.Common\MonoMod.Common.csproj", "{D08C41CC-6121-47FB-AEBF-57A1D94DD09E}"
EndProject
Project("{2150E333-8FDC-42A3-9474-1A3956D46DE8}") = "Solution Items", "Solution Items", "{1CC609CD-2218-4587-9449-3B268233A152}"
	ProjectSection(SolutionItems) = preProject
		MonoMod.Common.props = MonoMod.Common.props
	EndProjectSection
EndProject
Project("{9A19103F-16F7-4668-BE54-9A1E7A4F7556}") = "Test.Harmony", "Test.Harmony\Test.Harmony.csproj", "{47363338-1B57-467C-93B9-DD9FB293AF27}"
EndProject
Project("{9A19103F-16F7-4668-BE54-9A1E7A4F7556}") = "API", "API\API.csproj", "{A3462C5B-B9A4-4154-9855-F3025E943946}"
EndProject
Project("{2150E333-8FDC-42A3-9474-1A3956D46DE8}") = "Test.Repo", "Test.Repo", "{9ABCF21A-9354-44D1-B67B-1B8C7E6C7DD8}"
	ProjectSection(SolutionItems) = preProject
		Test.Repo\mock-test.sh = Test.Repo\mock-test.sh
	EndProjectSection
EndProject
Global
	GlobalSection(SolutionConfigurationPlatforms) = preSolution
		Beta|Any CPU = Beta|Any CPU
		Debug|Any CPU = Debug|Any CPU
		DebugLegacy|Any CPU = DebugLegacy|Any CPU
		DebugTrace|Any CPU = DebugTrace|Any CPU
		Developer|Any CPU = Developer|Any CPU
		Developer-Updater|Any CPU = Developer-Updater|Any CPU
		Release|Any CPU = Release|Any CPU
		ReleaseLegacy|Any CPU = ReleaseLegacy|Any CPU
		ReleaseTrace|Any CPU = ReleaseTrace|Any CPU
		Test API 0.9.0|Any CPU = Test API 0.9.0|Any CPU
		Test API 1.0.3|Any CPU = Test API 1.0.3|Any CPU
		Test API 1.0.4|Any CPU = Test API 1.0.4|Any CPU
		Test API 1.0.5|Any CPU = Test API 1.0.5|Any CPU
		Test API 1.0.6|Any CPU = Test API 1.0.6|Any CPU
		Test API 2.0.0|Any CPU = Test API 2.0.0|Any CPU
	EndGlobalSection
	GlobalSection(ProjectConfigurationPlatforms) = postSolution
		{1821BC25-9494-40B7-8229-945C60C16BC2}.Beta|Any CPU.ActiveCfg = Beta|Any CPU
		{1821BC25-9494-40B7-8229-945C60C16BC2}.Beta|Any CPU.Build.0 = Beta|Any CPU
		{1821BC25-9494-40B7-8229-945C60C16BC2}.Debug|Any CPU.ActiveCfg = Debug|Any CPU
		{1821BC25-9494-40B7-8229-945C60C16BC2}.Debug|Any CPU.Build.0 = Debug|Any CPU
		{1821BC25-9494-40B7-8229-945C60C16BC2}.DebugLegacy|Any CPU.ActiveCfg = Debug|Any CPU
		{1821BC25-9494-40B7-8229-945C60C16BC2}.DebugLegacy|Any CPU.Build.0 = Debug|Any CPU
		{1821BC25-9494-40B7-8229-945C60C16BC2}.DebugTrace|Any CPU.ActiveCfg = Debug|Any CPU
		{1821BC25-9494-40B7-8229-945C60C16BC2}.DebugTrace|Any CPU.Build.0 = Debug|Any CPU
		{1821BC25-9494-40B7-8229-945C60C16BC2}.Developer|Any CPU.ActiveCfg = Developer|Any CPU
		{1821BC25-9494-40B7-8229-945C60C16BC2}.Developer|Any CPU.Build.0 = Developer|Any CPU
		{1821BC25-9494-40B7-8229-945C60C16BC2}.Developer-Updater|Any CPU.ActiveCfg = Developer-Updater|Any CPU
		{1821BC25-9494-40B7-8229-945C60C16BC2}.Developer-Updater|Any CPU.Build.0 = Developer-Updater|Any CPU
		{1821BC25-9494-40B7-8229-945C60C16BC2}.Release|Any CPU.ActiveCfg = Release|Any CPU
		{1821BC25-9494-40B7-8229-945C60C16BC2}.Release|Any CPU.Build.0 = Release|Any CPU
		{1821BC25-9494-40B7-8229-945C60C16BC2}.ReleaseLegacy|Any CPU.ActiveCfg = Release|Any CPU
		{1821BC25-9494-40B7-8229-945C60C16BC2}.ReleaseLegacy|Any CPU.Build.0 = Release|Any CPU
		{1821BC25-9494-40B7-8229-945C60C16BC2}.ReleaseTrace|Any CPU.ActiveCfg = Release|Any CPU
		{1821BC25-9494-40B7-8229-945C60C16BC2}.ReleaseTrace|Any CPU.Build.0 = Release|Any CPU
		{1821BC25-9494-40B7-8229-945C60C16BC2}.Test API 0.9.0|Any CPU.ActiveCfg = Release|Any CPU
		{1821BC25-9494-40B7-8229-945C60C16BC2}.Test API 1.0.3|Any CPU.ActiveCfg = Debug|Any CPU
		{1821BC25-9494-40B7-8229-945C60C16BC2}.Test API 1.0.4|Any CPU.ActiveCfg = Release|Any CPU
		{1821BC25-9494-40B7-8229-945C60C16BC2}.Test API 1.0.5|Any CPU.ActiveCfg = Release|Any CPU
		{1821BC25-9494-40B7-8229-945C60C16BC2}.Test API 1.0.6|Any CPU.ActiveCfg = Release|Any CPU
		{1821BC25-9494-40B7-8229-945C60C16BC2}.Test API 2.0.0|Any CPU.ActiveCfg = Release|Any CPU
		{2A8BFCFE-DC32-4227-870C-ADDB18858608}.Beta|Any CPU.ActiveCfg = Release|Any CPU
		{2A8BFCFE-DC32-4227-870C-ADDB18858608}.Debug|Any CPU.ActiveCfg = Debug|Any CPU
		{2A8BFCFE-DC32-4227-870C-ADDB18858608}.DebugLegacy|Any CPU.ActiveCfg = Debug|Any CPU
		{2A8BFCFE-DC32-4227-870C-ADDB18858608}.DebugLegacy|Any CPU.Build.0 = Debug|Any CPU
		{2A8BFCFE-DC32-4227-870C-ADDB18858608}.DebugTrace|Any CPU.ActiveCfg = Debug|Any CPU
		{2A8BFCFE-DC32-4227-870C-ADDB18858608}.DebugTrace|Any CPU.Build.0 = Debug|Any CPU
		{2A8BFCFE-DC32-4227-870C-ADDB18858608}.Developer|Any CPU.ActiveCfg = Release|Any CPU
		{2A8BFCFE-DC32-4227-870C-ADDB18858608}.Developer-Updater|Any CPU.ActiveCfg = Release|Any CPU
		{2A8BFCFE-DC32-4227-870C-ADDB18858608}.Release|Any CPU.ActiveCfg = Release|Any CPU
		{2A8BFCFE-DC32-4227-870C-ADDB18858608}.ReleaseLegacy|Any CPU.ActiveCfg = Release|Any CPU
		{2A8BFCFE-DC32-4227-870C-ADDB18858608}.ReleaseLegacy|Any CPU.Build.0 = Release|Any CPU
		{2A8BFCFE-DC32-4227-870C-ADDB18858608}.ReleaseTrace|Any CPU.ActiveCfg = Release|Any CPU
		{2A8BFCFE-DC32-4227-870C-ADDB18858608}.ReleaseTrace|Any CPU.Build.0 = Release|Any CPU
		{2A8BFCFE-DC32-4227-870C-ADDB18858608}.Test API 0.9.0|Any CPU.ActiveCfg = Release|Any CPU
		{2A8BFCFE-DC32-4227-870C-ADDB18858608}.Test API 1.0.3|Any CPU.ActiveCfg = Release|Any CPU
		{2A8BFCFE-DC32-4227-870C-ADDB18858608}.Test API 1.0.4|Any CPU.ActiveCfg = Release|Any CPU
		{2A8BFCFE-DC32-4227-870C-ADDB18858608}.Test API 1.0.5|Any CPU.ActiveCfg = Release|Any CPU
		{2A8BFCFE-DC32-4227-870C-ADDB18858608}.Test API 1.0.6|Any CPU.ActiveCfg = Release|Any CPU
		{2A8BFCFE-DC32-4227-870C-ADDB18858608}.Test API 2.0.0|Any CPU.ActiveCfg = Release|Any CPU
		{608C45F0-E72F-4436-B9EA-4D108B42313B}.Beta|Any CPU.ActiveCfg = Beta|Any CPU
		{608C45F0-E72F-4436-B9EA-4D108B42313B}.Beta|Any CPU.Build.0 = Beta|Any CPU
		{608C45F0-E72F-4436-B9EA-4D108B42313B}.Debug|Any CPU.ActiveCfg = Debug|Any CPU
		{608C45F0-E72F-4436-B9EA-4D108B42313B}.Debug|Any CPU.Build.0 = Debug|Any CPU
		{608C45F0-E72F-4436-B9EA-4D108B42313B}.DebugLegacy|Any CPU.ActiveCfg = Debug|Any CPU
		{608C45F0-E72F-4436-B9EA-4D108B42313B}.DebugLegacy|Any CPU.Build.0 = Debug|Any CPU
		{608C45F0-E72F-4436-B9EA-4D108B42313B}.DebugTrace|Any CPU.ActiveCfg = Debug|Any CPU
		{608C45F0-E72F-4436-B9EA-4D108B42313B}.DebugTrace|Any CPU.Build.0 = Debug|Any CPU
		{608C45F0-E72F-4436-B9EA-4D108B42313B}.Developer|Any CPU.ActiveCfg = Release|Any CPU
		{608C45F0-E72F-4436-B9EA-4D108B42313B}.Developer-Updater|Any CPU.ActiveCfg = Release|Any CPU
		{608C45F0-E72F-4436-B9EA-4D108B42313B}.Release|Any CPU.ActiveCfg = Release|Any CPU
		{608C45F0-E72F-4436-B9EA-4D108B42313B}.Release|Any CPU.Build.0 = Release|Any CPU
		{608C45F0-E72F-4436-B9EA-4D108B42313B}.ReleaseLegacy|Any CPU.ActiveCfg = Release|Any CPU
		{608C45F0-E72F-4436-B9EA-4D108B42313B}.ReleaseLegacy|Any CPU.Build.0 = Release|Any CPU
		{608C45F0-E72F-4436-B9EA-4D108B42313B}.ReleaseTrace|Any CPU.ActiveCfg = Release|Any CPU
		{608C45F0-E72F-4436-B9EA-4D108B42313B}.ReleaseTrace|Any CPU.Build.0 = Release|Any CPU
		{608C45F0-E72F-4436-B9EA-4D108B42313B}.Test API 0.9.0|Any CPU.ActiveCfg = Release|Any CPU
		{608C45F0-E72F-4436-B9EA-4D108B42313B}.Test API 1.0.3|Any CPU.ActiveCfg = Release|Any CPU
		{608C45F0-E72F-4436-B9EA-4D108B42313B}.Test API 1.0.4|Any CPU.ActiveCfg = Release|Any CPU
		{608C45F0-E72F-4436-B9EA-4D108B42313B}.Test API 1.0.5|Any CPU.ActiveCfg = Release|Any CPU
		{608C45F0-E72F-4436-B9EA-4D108B42313B}.Test API 1.0.6|Any CPU.ActiveCfg = Release|Any CPU
		{608C45F0-E72F-4436-B9EA-4D108B42313B}.Test API 2.0.0|Any CPU.ActiveCfg = Release|Any CPU
		{9237178B-7F26-4768-B897-B54E690B10F8}.Beta|Any CPU.ActiveCfg = Beta|Any CPU
		{9237178B-7F26-4768-B897-B54E690B10F8}.Beta|Any CPU.Build.0 = Beta|Any CPU
		{9237178B-7F26-4768-B897-B54E690B10F8}.Debug|Any CPU.ActiveCfg = Debug|Any CPU
		{9237178B-7F26-4768-B897-B54E690B10F8}.Debug|Any CPU.Build.0 = Debug|Any CPU
		{9237178B-7F26-4768-B897-B54E690B10F8}.DebugLegacy|Any CPU.ActiveCfg = Debug|Any CPU
		{9237178B-7F26-4768-B897-B54E690B10F8}.DebugLegacy|Any CPU.Build.0 = Debug|Any CPU
		{9237178B-7F26-4768-B897-B54E690B10F8}.DebugTrace|Any CPU.ActiveCfg = Debug|Any CPU
		{9237178B-7F26-4768-B897-B54E690B10F8}.DebugTrace|Any CPU.Build.0 = Debug|Any CPU
		{9237178B-7F26-4768-B897-B54E690B10F8}.Developer|Any CPU.ActiveCfg = Release|Any CPU
		{9237178B-7F26-4768-B897-B54E690B10F8}.Developer-Updater|Any CPU.ActiveCfg = Release|Any CPU
		{9237178B-7F26-4768-B897-B54E690B10F8}.Release|Any CPU.ActiveCfg = Release|Any CPU
		{9237178B-7F26-4768-B897-B54E690B10F8}.Release|Any CPU.Build.0 = Release|Any CPU
		{9237178B-7F26-4768-B897-B54E690B10F8}.ReleaseLegacy|Any CPU.ActiveCfg = Release|Any CPU
		{9237178B-7F26-4768-B897-B54E690B10F8}.ReleaseLegacy|Any CPU.Build.0 = Release|Any CPU
		{9237178B-7F26-4768-B897-B54E690B10F8}.ReleaseTrace|Any CPU.ActiveCfg = Release|Any CPU
		{9237178B-7F26-4768-B897-B54E690B10F8}.ReleaseTrace|Any CPU.Build.0 = Release|Any CPU
		{9237178B-7F26-4768-B897-B54E690B10F8}.Test API 0.9.0|Any CPU.ActiveCfg = Release|Any CPU
		{9237178B-7F26-4768-B897-B54E690B10F8}.Test API 1.0.3|Any CPU.ActiveCfg = Release|Any CPU
		{9237178B-7F26-4768-B897-B54E690B10F8}.Test API 1.0.4|Any CPU.ActiveCfg = Release|Any CPU
		{9237178B-7F26-4768-B897-B54E690B10F8}.Test API 1.0.5|Any CPU.ActiveCfg = Release|Any CPU
		{9237178B-7F26-4768-B897-B54E690B10F8}.Test API 1.0.6|Any CPU.ActiveCfg = Release|Any CPU
		{9237178B-7F26-4768-B897-B54E690B10F8}.Test API 2.0.0|Any CPU.ActiveCfg = Release|Any CPU
		{4F26A041-2AD5-4A91-93E7-8FA03EB456FF}.Beta|Any CPU.ActiveCfg = Beta|Any CPU
		{4F26A041-2AD5-4A91-93E7-8FA03EB456FF}.Beta|Any CPU.Build.0 = Beta|Any CPU
		{4F26A041-2AD5-4A91-93E7-8FA03EB456FF}.Debug|Any CPU.ActiveCfg = Debug|Any CPU
		{4F26A041-2AD5-4A91-93E7-8FA03EB456FF}.Debug|Any CPU.Build.0 = Debug|Any CPU
		{4F26A041-2AD5-4A91-93E7-8FA03EB456FF}.DebugLegacy|Any CPU.ActiveCfg = Debug|Any CPU
		{4F26A041-2AD5-4A91-93E7-8FA03EB456FF}.DebugLegacy|Any CPU.Build.0 = Debug|Any CPU
		{4F26A041-2AD5-4A91-93E7-8FA03EB456FF}.DebugTrace|Any CPU.ActiveCfg = Debug|Any CPU
		{4F26A041-2AD5-4A91-93E7-8FA03EB456FF}.DebugTrace|Any CPU.Build.0 = Debug|Any CPU
		{4F26A041-2AD5-4A91-93E7-8FA03EB456FF}.Developer|Any CPU.ActiveCfg = Release|Any CPU
		{4F26A041-2AD5-4A91-93E7-8FA03EB456FF}.Developer-Updater|Any CPU.ActiveCfg = Release|Any CPU
		{4F26A041-2AD5-4A91-93E7-8FA03EB456FF}.Release|Any CPU.ActiveCfg = Release|Any CPU
		{4F26A041-2AD5-4A91-93E7-8FA03EB456FF}.Release|Any CPU.Build.0 = Release|Any CPU
		{4F26A041-2AD5-4A91-93E7-8FA03EB456FF}.ReleaseLegacy|Any CPU.ActiveCfg = Release|Any CPU
		{4F26A041-2AD5-4A91-93E7-8FA03EB456FF}.ReleaseLegacy|Any CPU.Build.0 = Release|Any CPU
		{4F26A041-2AD5-4A91-93E7-8FA03EB456FF}.ReleaseTrace|Any CPU.ActiveCfg = Release|Any CPU
		{4F26A041-2AD5-4A91-93E7-8FA03EB456FF}.ReleaseTrace|Any CPU.Build.0 = Release|Any CPU
		{4F26A041-2AD5-4A91-93E7-8FA03EB456FF}.Test API 0.9.0|Any CPU.ActiveCfg = Release|Any CPU
		{4F26A041-2AD5-4A91-93E7-8FA03EB456FF}.Test API 1.0.3|Any CPU.ActiveCfg = Release|Any CPU
		{4F26A041-2AD5-4A91-93E7-8FA03EB456FF}.Test API 1.0.4|Any CPU.ActiveCfg = Release|Any CPU
		{4F26A041-2AD5-4A91-93E7-8FA03EB456FF}.Test API 1.0.5|Any CPU.ActiveCfg = Release|Any CPU
		{4F26A041-2AD5-4A91-93E7-8FA03EB456FF}.Test API 1.0.6|Any CPU.ActiveCfg = Release|Any CPU
		{4F26A041-2AD5-4A91-93E7-8FA03EB456FF}.Test API 2.0.0|Any CPU.ActiveCfg = Release|Any CPU
		{D80AFD7C-CB94-4696-B1F8-6255A5B07FB0}.Beta|Any CPU.ActiveCfg = Beta|Any CPU
		{D80AFD7C-CB94-4696-B1F8-6255A5B07FB0}.Beta|Any CPU.Build.0 = Beta|Any CPU
		{D80AFD7C-CB94-4696-B1F8-6255A5B07FB0}.Debug|Any CPU.ActiveCfg = Release|Any CPU
		{D80AFD7C-CB94-4696-B1F8-6255A5B07FB0}.Debug|Any CPU.Build.0 = Release|Any CPU
		{D80AFD7C-CB94-4696-B1F8-6255A5B07FB0}.DebugLegacy|Any CPU.ActiveCfg = Debug|Any CPU
		{D80AFD7C-CB94-4696-B1F8-6255A5B07FB0}.DebugLegacy|Any CPU.Build.0 = Debug|Any CPU
		{D80AFD7C-CB94-4696-B1F8-6255A5B07FB0}.DebugTrace|Any CPU.ActiveCfg = Debug|Any CPU
		{D80AFD7C-CB94-4696-B1F8-6255A5B07FB0}.DebugTrace|Any CPU.Build.0 = Debug|Any CPU
		{D80AFD7C-CB94-4696-B1F8-6255A5B07FB0}.Developer|Any CPU.ActiveCfg = Release|Any CPU
		{D80AFD7C-CB94-4696-B1F8-6255A5B07FB0}.Developer-Updater|Any CPU.ActiveCfg = Release|Any CPU
		{D80AFD7C-CB94-4696-B1F8-6255A5B07FB0}.Release|Any CPU.ActiveCfg = Release|Any CPU
		{D80AFD7C-CB94-4696-B1F8-6255A5B07FB0}.Release|Any CPU.Build.0 = Release|Any CPU
		{D80AFD7C-CB94-4696-B1F8-6255A5B07FB0}.ReleaseLegacy|Any CPU.ActiveCfg = Release|Any CPU
		{D80AFD7C-CB94-4696-B1F8-6255A5B07FB0}.ReleaseLegacy|Any CPU.Build.0 = Release|Any CPU
		{D80AFD7C-CB94-4696-B1F8-6255A5B07FB0}.ReleaseTrace|Any CPU.ActiveCfg = Release|Any CPU
		{D80AFD7C-CB94-4696-B1F8-6255A5B07FB0}.ReleaseTrace|Any CPU.Build.0 = Release|Any CPU
		{D80AFD7C-CB94-4696-B1F8-6255A5B07FB0}.Test API 0.9.0|Any CPU.ActiveCfg = Release|Any CPU
		{D80AFD7C-CB94-4696-B1F8-6255A5B07FB0}.Test API 1.0.3|Any CPU.ActiveCfg = Release|Any CPU
		{D80AFD7C-CB94-4696-B1F8-6255A5B07FB0}.Test API 1.0.4|Any CPU.ActiveCfg = Release|Any CPU
		{D80AFD7C-CB94-4696-B1F8-6255A5B07FB0}.Test API 1.0.5|Any CPU.ActiveCfg = Release|Any CPU
		{D80AFD7C-CB94-4696-B1F8-6255A5B07FB0}.Test API 1.0.6|Any CPU.ActiveCfg = Release|Any CPU
		{D80AFD7C-CB94-4696-B1F8-6255A5B07FB0}.Test API 2.0.0|Any CPU.ActiveCfg = Release|Any CPU
		{B1957D5E-871E-4503-96AE-C091A46D8BF9}.Beta|Any CPU.ActiveCfg = Beta|Any CPU
		{B1957D5E-871E-4503-96AE-C091A46D8BF9}.Beta|Any CPU.Build.0 = Beta|Any CPU
		{B1957D5E-871E-4503-96AE-C091A46D8BF9}.Debug|Any CPU.ActiveCfg = Debug|Any CPU
		{B1957D5E-871E-4503-96AE-C091A46D8BF9}.Debug|Any CPU.Build.0 = Debug|Any CPU
		{B1957D5E-871E-4503-96AE-C091A46D8BF9}.DebugLegacy|Any CPU.ActiveCfg = Debug|Any CPU
		{B1957D5E-871E-4503-96AE-C091A46D8BF9}.DebugLegacy|Any CPU.Build.0 = Debug|Any CPU
		{B1957D5E-871E-4503-96AE-C091A46D8BF9}.DebugTrace|Any CPU.ActiveCfg = Debug|Any CPU
		{B1957D5E-871E-4503-96AE-C091A46D8BF9}.DebugTrace|Any CPU.Build.0 = Debug|Any CPU
		{B1957D5E-871E-4503-96AE-C091A46D8BF9}.Developer|Any CPU.ActiveCfg = Debug|Any CPU
		{B1957D5E-871E-4503-96AE-C091A46D8BF9}.Developer-Updater|Any CPU.ActiveCfg = Release|Any CPU
		{B1957D5E-871E-4503-96AE-C091A46D8BF9}.Release|Any CPU.ActiveCfg = Release|Any CPU
		{B1957D5E-871E-4503-96AE-C091A46D8BF9}.Release|Any CPU.Build.0 = Release|Any CPU
		{B1957D5E-871E-4503-96AE-C091A46D8BF9}.ReleaseLegacy|Any CPU.ActiveCfg = Release|Any CPU
		{B1957D5E-871E-4503-96AE-C091A46D8BF9}.ReleaseLegacy|Any CPU.Build.0 = Release|Any CPU
		{B1957D5E-871E-4503-96AE-C091A46D8BF9}.ReleaseTrace|Any CPU.ActiveCfg = Release|Any CPU
		{B1957D5E-871E-4503-96AE-C091A46D8BF9}.ReleaseTrace|Any CPU.Build.0 = Release|Any CPU
		{B1957D5E-871E-4503-96AE-C091A46D8BF9}.Test API 0.9.0|Any CPU.ActiveCfg = Release|Any CPU
		{B1957D5E-871E-4503-96AE-C091A46D8BF9}.Test API 1.0.3|Any CPU.ActiveCfg = Release|Any CPU
		{B1957D5E-871E-4503-96AE-C091A46D8BF9}.Test API 1.0.4|Any CPU.ActiveCfg = Release|Any CPU
		{B1957D5E-871E-4503-96AE-C091A46D8BF9}.Test API 1.0.5|Any CPU.ActiveCfg = Release|Any CPU
		{B1957D5E-871E-4503-96AE-C091A46D8BF9}.Test API 1.0.6|Any CPU.ActiveCfg = Release|Any CPU
		{B1957D5E-871E-4503-96AE-C091A46D8BF9}.Test API 2.0.0|Any CPU.ActiveCfg = Release|Any CPU
		{D08C41CC-6121-47FB-AEBF-57A1D94DD09E}.Beta|Any CPU.ActiveCfg = Release|Any CPU
		{D08C41CC-6121-47FB-AEBF-57A1D94DD09E}.Beta|Any CPU.Build.0 = Release|Any CPU
		{D08C41CC-6121-47FB-AEBF-57A1D94DD09E}.Debug|Any CPU.ActiveCfg = Debug|Any CPU
		{D08C41CC-6121-47FB-AEBF-57A1D94DD09E}.Debug|Any CPU.Build.0 = Debug|Any CPU
		{D08C41CC-6121-47FB-AEBF-57A1D94DD09E}.DebugLegacy|Any CPU.ActiveCfg = DebugLegacy|Any CPU
		{D08C41CC-6121-47FB-AEBF-57A1D94DD09E}.DebugLegacy|Any CPU.Build.0 = DebugLegacy|Any CPU
		{D08C41CC-6121-47FB-AEBF-57A1D94DD09E}.DebugTrace|Any CPU.ActiveCfg = DebugTrace|Any CPU
		{D08C41CC-6121-47FB-AEBF-57A1D94DD09E}.DebugTrace|Any CPU.Build.0 = DebugTrace|Any CPU
		{D08C41CC-6121-47FB-AEBF-57A1D94DD09E}.Developer|Any CPU.ActiveCfg = Release|Any CPU
		{D08C41CC-6121-47FB-AEBF-57A1D94DD09E}.Developer-Updater|Any CPU.ActiveCfg = Release|Any CPU
		{D08C41CC-6121-47FB-AEBF-57A1D94DD09E}.Release|Any CPU.ActiveCfg = Release|Any CPU
		{D08C41CC-6121-47FB-AEBF-57A1D94DD09E}.Release|Any CPU.Build.0 = Release|Any CPU
		{D08C41CC-6121-47FB-AEBF-57A1D94DD09E}.ReleaseLegacy|Any CPU.ActiveCfg = ReleaseLegacy|Any CPU
		{D08C41CC-6121-47FB-AEBF-57A1D94DD09E}.ReleaseLegacy|Any CPU.Build.0 = ReleaseLegacy|Any CPU
		{D08C41CC-6121-47FB-AEBF-57A1D94DD09E}.ReleaseTrace|Any CPU.ActiveCfg = ReleaseTrace|Any CPU
		{D08C41CC-6121-47FB-AEBF-57A1D94DD09E}.ReleaseTrace|Any CPU.Build.0 = ReleaseTrace|Any CPU
		{D08C41CC-6121-47FB-AEBF-57A1D94DD09E}.Test API 0.9.0|Any CPU.ActiveCfg = Release|Any CPU
		{D08C41CC-6121-47FB-AEBF-57A1D94DD09E}.Test API 1.0.3|Any CPU.ActiveCfg = Release|Any CPU
		{D08C41CC-6121-47FB-AEBF-57A1D94DD09E}.Test API 1.0.4|Any CPU.ActiveCfg = Release|Any CPU
		{D08C41CC-6121-47FB-AEBF-57A1D94DD09E}.Test API 1.0.5|Any CPU.ActiveCfg = Release|Any CPU
		{D08C41CC-6121-47FB-AEBF-57A1D94DD09E}.Test API 1.0.6|Any CPU.ActiveCfg = Release|Any CPU
		{D08C41CC-6121-47FB-AEBF-57A1D94DD09E}.Test API 2.0.0|Any CPU.ActiveCfg = Release|Any CPU
		{47363338-1B57-467C-93B9-DD9FB293AF27}.Beta|Any CPU.ActiveCfg = API 1.0.3|Any CPU
		{47363338-1B57-467C-93B9-DD9FB293AF27}.Debug|Any CPU.ActiveCfg = API 1.0.3|Any CPU
		{47363338-1B57-467C-93B9-DD9FB293AF27}.Debug|Any CPU.Build.0 = API 1.0.3|Any CPU
		{47363338-1B57-467C-93B9-DD9FB293AF27}.DebugLegacy|Any CPU.ActiveCfg = API 1.0.3|Any CPU
		{47363338-1B57-467C-93B9-DD9FB293AF27}.DebugLegacy|Any CPU.Build.0 = API 1.0.3|Any CPU
		{47363338-1B57-467C-93B9-DD9FB293AF27}.DebugTrace|Any CPU.ActiveCfg = API 1.0.3|Any CPU
		{47363338-1B57-467C-93B9-DD9FB293AF27}.DebugTrace|Any CPU.Build.0 = API 1.0.3|Any CPU
		{47363338-1B57-467C-93B9-DD9FB293AF27}.Developer|Any CPU.ActiveCfg = API 1.0.3|Any CPU
		{47363338-1B57-467C-93B9-DD9FB293AF27}.Developer-Updater|Any CPU.ActiveCfg = API 1.0.3|Any CPU
		{47363338-1B57-467C-93B9-DD9FB293AF27}.Release|Any CPU.ActiveCfg = API 1.0.3|Any CPU
		{47363338-1B57-467C-93B9-DD9FB293AF27}.ReleaseLegacy|Any CPU.ActiveCfg = API 1.0.3|Any CPU
		{47363338-1B57-467C-93B9-DD9FB293AF27}.ReleaseLegacy|Any CPU.Build.0 = API 1.0.3|Any CPU
		{47363338-1B57-467C-93B9-DD9FB293AF27}.ReleaseTrace|Any CPU.ActiveCfg = API 1.0.3|Any CPU
		{47363338-1B57-467C-93B9-DD9FB293AF27}.ReleaseTrace|Any CPU.Build.0 = API 1.0.3|Any CPU
		{47363338-1B57-467C-93B9-DD9FB293AF27}.Test API 0.9.0|Any CPU.ActiveCfg = API 0.9.0|Any CPU
		{47363338-1B57-467C-93B9-DD9FB293AF27}.Test API 0.9.0|Any CPU.Build.0 = API 0.9.0|Any CPU
		{47363338-1B57-467C-93B9-DD9FB293AF27}.Test API 1.0.3|Any CPU.ActiveCfg = API 1.0.3|Any CPU
		{47363338-1B57-467C-93B9-DD9FB293AF27}.Test API 1.0.3|Any CPU.Build.0 = API 1.0.3|Any CPU
		{47363338-1B57-467C-93B9-DD9FB293AF27}.Test API 1.0.4|Any CPU.ActiveCfg = API 1.0.4|Any CPU
		{47363338-1B57-467C-93B9-DD9FB293AF27}.Test API 1.0.4|Any CPU.Build.0 = API 1.0.4|Any CPU
		{47363338-1B57-467C-93B9-DD9FB293AF27}.Test API 1.0.5|Any CPU.ActiveCfg = API 1.0.5|Any CPU
		{47363338-1B57-467C-93B9-DD9FB293AF27}.Test API 1.0.5|Any CPU.Build.0 = API 1.0.5|Any CPU
		{47363338-1B57-467C-93B9-DD9FB293AF27}.Test API 1.0.6|Any CPU.ActiveCfg = API 1.0.6|Any CPU
		{47363338-1B57-467C-93B9-DD9FB293AF27}.Test API 1.0.6|Any CPU.Build.0 = API 1.0.6|Any CPU
		{47363338-1B57-467C-93B9-DD9FB293AF27}.Test API 2.0.0|Any CPU.ActiveCfg = API 2.0.0|Any CPU
		{47363338-1B57-467C-93B9-DD9FB293AF27}.Test API 2.0.0|Any CPU.Build.0 = API 2.0.0|Any CPU
		{A3462C5B-B9A4-4154-9855-F3025E943946}.Beta|Any CPU.ActiveCfg = Debug|Any CPU
		{A3462C5B-B9A4-4154-9855-F3025E943946}.Debug|Any CPU.ActiveCfg = Debug|Any CPU
		{A3462C5B-B9A4-4154-9855-F3025E943946}.DebugLegacy|Any CPU.ActiveCfg = Debug|Any CPU
		{A3462C5B-B9A4-4154-9855-F3025E943946}.DebugLegacy|Any CPU.Build.0 = Debug|Any CPU
		{A3462C5B-B9A4-4154-9855-F3025E943946}.DebugTrace|Any CPU.ActiveCfg = Debug|Any CPU
		{A3462C5B-B9A4-4154-9855-F3025E943946}.DebugTrace|Any CPU.Build.0 = Debug|Any CPU
		{A3462C5B-B9A4-4154-9855-F3025E943946}.Developer|Any CPU.ActiveCfg = Debug|Any CPU
		{A3462C5B-B9A4-4154-9855-F3025E943946}.Developer-Updater|Any CPU.ActiveCfg = Debug|Any CPU
		{A3462C5B-B9A4-4154-9855-F3025E943946}.Release|Any CPU.ActiveCfg = Release|Any CPU
		{A3462C5B-B9A4-4154-9855-F3025E943946}.ReleaseLegacy|Any CPU.ActiveCfg = Release|Any CPU
		{A3462C5B-B9A4-4154-9855-F3025E943946}.ReleaseLegacy|Any CPU.Build.0 = Release|Any CPU
		{A3462C5B-B9A4-4154-9855-F3025E943946}.ReleaseTrace|Any CPU.ActiveCfg = Release|Any CPU
		{A3462C5B-B9A4-4154-9855-F3025E943946}.ReleaseTrace|Any CPU.Build.0 = Release|Any CPU
		{A3462C5B-B9A4-4154-9855-F3025E943946}.Test API 0.9.0|Any CPU.ActiveCfg = Debug|Any CPU
		{A3462C5B-B9A4-4154-9855-F3025E943946}.Test API 1.0.3|Any CPU.ActiveCfg = Debug|Any CPU
		{A3462C5B-B9A4-4154-9855-F3025E943946}.Test API 1.0.4|Any CPU.ActiveCfg = Debug|Any CPU
		{A3462C5B-B9A4-4154-9855-F3025E943946}.Test API 1.0.5|Any CPU.ActiveCfg = Debug|Any CPU
		{A3462C5B-B9A4-4154-9855-F3025E943946}.Test API 1.0.6|Any CPU.ActiveCfg = Debug|Any CPU
		{A3462C5B-B9A4-4154-9855-F3025E943946}.Test API 2.0.0|Any CPU.ActiveCfg = Debug|Any CPU
	EndGlobalSection
	GlobalSection(SolutionProperties) = preSolution
		HideSolutionNode = FALSE
	EndGlobalSection
	GlobalSection(NestedProjects) = preSolution
		{9237178B-7F26-4768-B897-B54E690B10F8} = {04E56FB8-877B-40F2-A88C-4F8729323B35}
		{4F26A041-2AD5-4A91-93E7-8FA03EB456FF} = {04E56FB8-877B-40F2-A88C-4F8729323B35}
		{D80AFD7C-CB94-4696-B1F8-6255A5B07FB0} = {04E56FB8-877B-40F2-A88C-4F8729323B35}
		{B1957D5E-871E-4503-96AE-C091A46D8BF9} = {04E56FB8-877B-40F2-A88C-4F8729323B35}
		{47363338-1B57-467C-93B9-DD9FB293AF27} = {0F83BF35-817F-4E70-BBC0-88F689484C73}
	EndGlobalSection
	GlobalSection(ExtensibilityGlobals) = postSolution
		SolutionGuid = {60A1F2F9-555F-4FF8-A240-385170CFB39F}
	EndGlobalSection
EndGlobal
