
Microsoft Visual Studio Solution File, Format Version 12.00
# Visual Studio Version 16
VisualStudioVersion = 16.0.29905.134
MinimumVisualStudioVersion = 10.0.40219.1
Project("{9A19103F-16F7-4668-BE54-9A1E7A4F7556}") = "HarmonyMod", "HarmonyMod\HarmonyMod.csproj", "{1821BC25-9494-40B7-8229-945C60C16BC2}"
	ProjectSection(ProjectDependencies) = postProject
		{D80AFD7C-CB94-4696-B1F8-6255A5B07FB0} = {D80AFD7C-CB94-4696-B1F8-6255A5B07FB0}
	EndProjectSection
EndProject
Project("{FAE04EC0-301F-11D3-BF4B-00C04F79EFBC}") = "IAwareness0", "IAmAware\IAwareness0.csproj", "{2A8BFCFE-DC32-4227-870C-ADDB18858608}"
EndProject
Project("{9A19103F-16F7-4668-BE54-9A1E7A4F7556}") = "Harmony-v2", "Harmony-v2\Harmony\Harmony-v2.csproj", "{608C45F0-E72F-4436-B9EA-4D108B42313B}"
EndProject
Project("{9A19103F-16F7-4668-BE54-9A1E7A4F7556}") = "Compat-CitiesHarmony.Harmony", "Compat-CitiesHarmony.Harmony\Harmony\Compat-CitiesHarmony.Harmony.csproj", "{4F26A041-2AD5-4A91-93E7-8FA03EB456FF}"
EndProject
Project("{FAE04EC0-301F-11D3-BF4B-00C04F79EFBC}") = "Compat-CitiesHarmony-Mod", "Compat-CitiesHarmony-Mod\Compat-CitiesHarmony-Mod.csproj", "{D80AFD7C-CB94-4696-B1F8-6255A5B07FB0}"
EndProject
Project("{2150E333-8FDC-42A3-9474-1A3956D46DE8}") = "API.Tests", "API.Tests", "{0F83BF35-817F-4E70-BBC0-88F689484C73}"
EndProject
Project("{2150E333-8FDC-42A3-9474-1A3956D46DE8}") = "Compatibility", "Compatibility", "{04E56FB8-877B-40F2-A88C-4F8729323B35}"
EndProject
Project("{9A19103F-16F7-4668-BE54-9A1E7A4F7556}") = "MonoMod.Common", "MonoMod.Common\MonoMod.Common.csproj", "{D08C41CC-6121-47FB-AEBF-57A1D94DD09E}"
EndProject
Project("{2150E333-8FDC-42A3-9474-1A3956D46DE8}") = "Solution Items", "Solution Items", "{1CC609CD-2218-4587-9449-3B268233A152}"
	ProjectSection(SolutionItems) = preProject
		MonoMod.Common.props = MonoMod.Common.props
	EndProjectSection
EndProject
Project("{9A19103F-16F7-4668-BE54-9A1E7A4F7556}") = "Test.Harmony", "Test.Harmony\Test.Harmony.csproj", "{47363338-1B57-467C-93B9-DD9FB293AF27}"
EndProject
Project("{9A19103F-16F7-4668-BE54-9A1E7A4F7556}") = "API", "API\API.csproj", "{A3462C5B-B9A4-4154-9855-F3025E943946}"
EndProject
Project("{2150E333-8FDC-42A3-9474-1A3956D46DE8}") = "Test.Repo", "Test.Repo", "{9ABCF21A-9354-44D1-B67B-1B8C7E6C7DD8}"
	ProjectSection(SolutionItems) = preProject
		Test.Repo\mock-test.sh = Test.Repo\mock-test.sh
	EndProjectSection
EndProject
Project("{FAE04EC0-301F-11D3-BF4B-00C04F79EFBC}") = "T", "BadMods\T\T.csproj", "{5AA1D11D-0BDF-444B-9EAC-4BECD180CFCC}"
EndProject
Project("{2150E333-8FDC-42A3-9474-1A3956D46DE8}") = "Mod Tests", "Mod Tests", "{333615FB-C098-4031-B149-38B398C3C43D}"
EndProject
Project("{9A19103F-16F7-4668-BE54-9A1E7A4F7556}") = "Test.API-Misuse", "Tests.Mod\API-Misuse\Test.API-Misuse.csproj", "{0C927296-4824-4A93-B6A4-4DE7134F921B}"
EndProject
Project("{9A19103F-16F7-4668-BE54-9A1E7A4F7556}") = "Test.ExploitCatch", "Tests.Mod\Test.ExploitCatch\Test.ExploitCatch.csproj", "{DFA6062B-B7C5-47C7-80E5-091788F43268}"
EndProject
Project("{9A19103F-16F7-4668-BE54-9A1E7A4F7556}") = "Test.ReflectionTypeLoadException", "Tests.Mod\Test.ReflectionTypeLoadException\Test.ReflectionTypeLoadException.csproj", "{0218F07C-212B-4272-B58D-08979AE2648C}"
EndProject
Project("{FAE04EC0-301F-11D3-BF4B-00C04F79EFBC}") = "VersionedAssembly-v1", "Tests.Mod\VersionedAssembly-v1\VersionedAssembly-v1.csproj", "{4289BD55-25F6-49F8-B282-FB7D708BC0B4}"
EndProject
Project("{FAE04EC0-301F-11D3-BF4B-00C04F79EFBC}") = "VersionedAssembly-v2", "Tests.Mod\VersionedAssembly-v2\VersionedAssembly-v2.csproj", "{D44153F7-68A7-4B27-81E3-6B7AAC8C8B52}"
EndProject
Project("{9A19103F-16F7-4668-BE54-9A1E7A4F7556}") = "HarmonyInstaller", "HarmonyMod\HarmonyInstaller.csproj", "{C07FE5CD-5BC9-469D-A7CB-9C88E534D5CB}"
EndProject
Project("{FAE04EC0-301F-11D3-BF4B-00C04F79EFBC}") = "Test.Target.Net4", "BadMods\Test.Target.Net4.Core\Test.Target.Net4.csproj", "{59543916-F7C6-4AF3-85D5-E5FA53A266FE}"
EndProject
Project("{FAE04EC0-301F-11D3-BF4B-00C04F79EFBC}") = "Compat-CitiesHarmony.API", "Compat-CitiesHarmony.API\Compat-CitiesHarmony.API.csproj", "{00B9E62A-CC2C-438D-9E21-F9958BE9C1D7}"
EndProject
Global
	GlobalSection(SolutionConfigurationPlatforms) = preSolution
		Beta|Any CPU = Beta|Any CPU
		Debug|Any CPU = Debug|Any CPU
		Developer|Any CPU = Developer|Any CPU
		Developer-Updater|Any CPU = Developer-Updater|Any CPU
		Release|Any CPU = Release|Any CPU
		ReleaseTrace|Any CPU = ReleaseTrace|Any CPU
		Test API 0.9.0|Any CPU = Test API 0.9.0|Any CPU
		Test API 1.0.3|Any CPU = Test API 1.0.3|Any CPU
		Test API 1.0.4|Any CPU = Test API 1.0.4|Any CPU
		Test API 1.0.5|Any CPU = Test API 1.0.5|Any CPU
		Test API 1.0.6|Any CPU = Test API 1.0.6|Any CPU
		Test API 2.0.0|Any CPU = Test API 2.0.0|Any CPU
		Test API 2.1.0|Any CPU = Test API 2.1.0|Any CPU
	EndGlobalSection
	GlobalSection(ProjectConfigurationPlatforms) = postSolution
		{1821BC25-9494-40B7-8229-945C60C16BC2}.Beta|Any CPU.ActiveCfg = Beta|Any CPU
		{1821BC25-9494-40B7-8229-945C60C16BC2}.Beta|Any CPU.Build.0 = Beta|Any CPU
		{1821BC25-9494-40B7-8229-945C60C16BC2}.Debug|Any CPU.ActiveCfg = Debug|Any CPU
		{1821BC25-9494-40B7-8229-945C60C16BC2}.Debug|Any CPU.Build.0 = Debug|Any CPU
		{1821BC25-9494-40B7-8229-945C60C16BC2}.Developer|Any CPU.ActiveCfg = Developer|Any CPU
		{1821BC25-9494-40B7-8229-945C60C16BC2}.Developer|Any CPU.Build.0 = Developer|Any CPU
		{1821BC25-9494-40B7-8229-945C60C16BC2}.Developer-Updater|Any CPU.ActiveCfg = Developer-Updater|Any CPU
		{1821BC25-9494-40B7-8229-945C60C16BC2}.Developer-Updater|Any CPU.Build.0 = Developer-Updater|Any CPU
		{1821BC25-9494-40B7-8229-945C60C16BC2}.Release|Any CPU.ActiveCfg = Release|Any CPU
		{1821BC25-9494-40B7-8229-945C60C16BC2}.Release|Any CPU.Build.0 = Release|Any CPU
		{1821BC25-9494-40B7-8229-945C60C16BC2}.ReleaseTrace|Any CPU.ActiveCfg = Release|Any CPU
		{1821BC25-9494-40B7-8229-945C60C16BC2}.ReleaseTrace|Any CPU.Build.0 = Release|Any CPU
		{1821BC25-9494-40B7-8229-945C60C16BC2}.Test API 0.9.0|Any CPU.ActiveCfg = Release|Any CPU
		{1821BC25-9494-40B7-8229-945C60C16BC2}.Test API 1.0.3|Any CPU.ActiveCfg = Debug|Any CPU
		{1821BC25-9494-40B7-8229-945C60C16BC2}.Test API 1.0.4|Any CPU.ActiveCfg = Release|Any CPU
		{1821BC25-9494-40B7-8229-945C60C16BC2}.Test API 1.0.5|Any CPU.ActiveCfg = Release|Any CPU
		{1821BC25-9494-40B7-8229-945C60C16BC2}.Test API 1.0.6|Any CPU.ActiveCfg = Release|Any CPU
		{1821BC25-9494-40B7-8229-945C60C16BC2}.Test API 2.0.0|Any CPU.ActiveCfg = Release|Any CPU
		{1821BC25-9494-40B7-8229-945C60C16BC2}.Test API 2.1.0|Any CPU.ActiveCfg = Release|Any CPU
		{2A8BFCFE-DC32-4227-870C-ADDB18858608}.Beta|Any CPU.ActiveCfg = Release|Any CPU
		{2A8BFCFE-DC32-4227-870C-ADDB18858608}.Debug|Any CPU.ActiveCfg = Debug|Any CPU
		{2A8BFCFE-DC32-4227-870C-ADDB18858608}.Debug|Any CPU.Build.0 = Debug|Any CPU
		{2A8BFCFE-DC32-4227-870C-ADDB18858608}.Developer|Any CPU.ActiveCfg = Release|Any CPU
		{2A8BFCFE-DC32-4227-870C-ADDB18858608}.Developer-Updater|Any CPU.ActiveCfg = Release|Any CPU
		{2A8BFCFE-DC32-4227-870C-ADDB18858608}.Release|Any CPU.ActiveCfg = Release|Any CPU
		{2A8BFCFE-DC32-4227-870C-ADDB18858608}.Release|Any CPU.Build.0 = Release|Any CPU
		{2A8BFCFE-DC32-4227-870C-ADDB18858608}.ReleaseTrace|Any CPU.ActiveCfg = Release|Any CPU
		{2A8BFCFE-DC32-4227-870C-ADDB18858608}.ReleaseTrace|Any CPU.Build.0 = Release|Any CPU
		{2A8BFCFE-DC32-4227-870C-ADDB18858608}.Test API 0.9.0|Any CPU.ActiveCfg = Release|Any CPU
		{2A8BFCFE-DC32-4227-870C-ADDB18858608}.Test API 1.0.3|Any CPU.ActiveCfg = Release|Any CPU
		{2A8BFCFE-DC32-4227-870C-ADDB18858608}.Test API 1.0.4|Any CPU.ActiveCfg = Release|Any CPU
		{2A8BFCFE-DC32-4227-870C-ADDB18858608}.Test API 1.0.5|Any CPU.ActiveCfg = Release|Any CPU
		{2A8BFCFE-DC32-4227-870C-ADDB18858608}.Test API 1.0.6|Any CPU.ActiveCfg = Release|Any CPU
		{2A8BFCFE-DC32-4227-870C-ADDB18858608}.Test API 2.0.0|Any CPU.ActiveCfg = Release|Any CPU
		{2A8BFCFE-DC32-4227-870C-ADDB18858608}.Test API 2.1.0|Any CPU.ActiveCfg = Release|Any CPU
		{608C45F0-E72F-4436-B9EA-4D108B42313B}.Beta|Any CPU.ActiveCfg = Beta|Any CPU
		{608C45F0-E72F-4436-B9EA-4D108B42313B}.Beta|Any CPU.Build.0 = Beta|Any CPU
		{608C45F0-E72F-4436-B9EA-4D108B42313B}.Debug|Any CPU.ActiveCfg = Debug|Any CPU
		{608C45F0-E72F-4436-B9EA-4D108B42313B}.Debug|Any CPU.Build.0 = Debug|Any CPU
		{608C45F0-E72F-4436-B9EA-4D108B42313B}.Developer|Any CPU.ActiveCfg = Release|Any CPU
		{608C45F0-E72F-4436-B9EA-4D108B42313B}.Developer-Updater|Any CPU.ActiveCfg = Release|Any CPU
		{608C45F0-E72F-4436-B9EA-4D108B42313B}.Release|Any CPU.ActiveCfg = Release|Any CPU
		{608C45F0-E72F-4436-B9EA-4D108B42313B}.Release|Any CPU.Build.0 = Release|Any CPU
		{608C45F0-E72F-4436-B9EA-4D108B42313B}.ReleaseTrace|Any CPU.ActiveCfg = Release|Any CPU
		{608C45F0-E72F-4436-B9EA-4D108B42313B}.ReleaseTrace|Any CPU.Build.0 = Release|Any CPU
		{608C45F0-E72F-4436-B9EA-4D108B42313B}.Test API 0.9.0|Any CPU.ActiveCfg = Release|Any CPU
		{608C45F0-E72F-4436-B9EA-4D108B42313B}.Test API 1.0.3|Any CPU.ActiveCfg = Release|Any CPU
		{608C45F0-E72F-4436-B9EA-4D108B42313B}.Test API 1.0.4|Any CPU.ActiveCfg = Release|Any CPU
		{608C45F0-E72F-4436-B9EA-4D108B42313B}.Test API 1.0.5|Any CPU.ActiveCfg = Release|Any CPU
		{608C45F0-E72F-4436-B9EA-4D108B42313B}.Test API 1.0.6|Any CPU.ActiveCfg = Release|Any CPU
		{608C45F0-E72F-4436-B9EA-4D108B42313B}.Test API 2.0.0|Any CPU.ActiveCfg = Release|Any CPU
		{608C45F0-E72F-4436-B9EA-4D108B42313B}.Test API 2.1.0|Any CPU.ActiveCfg = Release|Any CPU
		{4F26A041-2AD5-4A91-93E7-8FA03EB456FF}.Beta|Any CPU.ActiveCfg = Beta|Any CPU
		{4F26A041-2AD5-4A91-93E7-8FA03EB456FF}.Beta|Any CPU.Build.0 = Beta|Any CPU
		{4F26A041-2AD5-4A91-93E7-8FA03EB456FF}.Debug|Any CPU.ActiveCfg = Debug|Any CPU
		{4F26A041-2AD5-4A91-93E7-8FA03EB456FF}.Debug|Any CPU.Build.0 = Debug|Any CPU
		{4F26A041-2AD5-4A91-93E7-8FA03EB456FF}.Developer|Any CPU.ActiveCfg = Release|Any CPU
		{4F26A041-2AD5-4A91-93E7-8FA03EB456FF}.Developer-Updater|Any CPU.ActiveCfg = Release|Any CPU
		{4F26A041-2AD5-4A91-93E7-8FA03EB456FF}.Release|Any CPU.ActiveCfg = Release|Any CPU
		{4F26A041-2AD5-4A91-93E7-8FA03EB456FF}.Release|Any CPU.Build.0 = Release|Any CPU
		{4F26A041-2AD5-4A91-93E7-8FA03EB456FF}.ReleaseTrace|Any CPU.ActiveCfg = Release|Any CPU
		{4F26A041-2AD5-4A91-93E7-8FA03EB456FF}.ReleaseTrace|Any CPU.Build.0 = Release|Any CPU
		{4F26A041-2AD5-4A91-93E7-8FA03EB456FF}.Test API 0.9.0|Any CPU.ActiveCfg = Release|Any CPU
		{4F26A041-2AD5-4A91-93E7-8FA03EB456FF}.Test API 1.0.3|Any CPU.ActiveCfg = Release|Any CPU
		{4F26A041-2AD5-4A91-93E7-8FA03EB456FF}.Test API 1.0.4|Any CPU.ActiveCfg = Release|Any CPU
		{4F26A041-2AD5-4A91-93E7-8FA03EB456FF}.Test API 1.0.5|Any CPU.ActiveCfg = Release|Any CPU
		{4F26A041-2AD5-4A91-93E7-8FA03EB456FF}.Test API 1.0.6|Any CPU.ActiveCfg = Release|Any CPU
		{4F26A041-2AD5-4A91-93E7-8FA03EB456FF}.Test API 2.0.0|Any CPU.ActiveCfg = Release|Any CPU
		{4F26A041-2AD5-4A91-93E7-8FA03EB456FF}.Test API 2.1.0|Any CPU.ActiveCfg = Release|Any CPU
		{D80AFD7C-CB94-4696-B1F8-6255A5B07FB0}.Beta|Any CPU.ActiveCfg = Beta|Any CPU
		{D80AFD7C-CB94-4696-B1F8-6255A5B07FB0}.Beta|Any CPU.Build.0 = Beta|Any CPU
		{D80AFD7C-CB94-4696-B1F8-6255A5B07FB0}.Debug|Any CPU.ActiveCfg = Release|Any CPU
		{D80AFD7C-CB94-4696-B1F8-6255A5B07FB0}.Debug|Any CPU.Build.0 = Release|Any CPU
		{D80AFD7C-CB94-4696-B1F8-6255A5B07FB0}.Developer|Any CPU.ActiveCfg = Release|Any CPU
		{D80AFD7C-CB94-4696-B1F8-6255A5B07FB0}.Developer-Updater|Any CPU.ActiveCfg = Release|Any CPU
		{D80AFD7C-CB94-4696-B1F8-6255A5B07FB0}.Release|Any CPU.ActiveCfg = Release|Any CPU
		{D80AFD7C-CB94-4696-B1F8-6255A5B07FB0}.Release|Any CPU.Build.0 = Release|Any CPU
		{D80AFD7C-CB94-4696-B1F8-6255A5B07FB0}.ReleaseTrace|Any CPU.ActiveCfg = Release|Any CPU
		{D80AFD7C-CB94-4696-B1F8-6255A5B07FB0}.ReleaseTrace|Any CPU.Build.0 = Release|Any CPU
		{D80AFD7C-CB94-4696-B1F8-6255A5B07FB0}.Test API 0.9.0|Any CPU.ActiveCfg = Release|Any CPU
		{D80AFD7C-CB94-4696-B1F8-6255A5B07FB0}.Test API 1.0.3|Any CPU.ActiveCfg = Release|Any CPU
		{D80AFD7C-CB94-4696-B1F8-6255A5B07FB0}.Test API 1.0.4|Any CPU.ActiveCfg = Release|Any CPU
		{D80AFD7C-CB94-4696-B1F8-6255A5B07FB0}.Test API 1.0.5|Any CPU.ActiveCfg = Release|Any CPU
		{D80AFD7C-CB94-4696-B1F8-6255A5B07FB0}.Test API 1.0.6|Any CPU.ActiveCfg = Release|Any CPU
		{D80AFD7C-CB94-4696-B1F8-6255A5B07FB0}.Test API 2.0.0|Any CPU.ActiveCfg = Release|Any CPU
		{D80AFD7C-CB94-4696-B1F8-6255A5B07FB0}.Test API 2.1.0|Any CPU.ActiveCfg = Release|Any CPU
		{D08C41CC-6121-47FB-AEBF-57A1D94DD09E}.Beta|Any CPU.ActiveCfg = Release|Any CPU
		{D08C41CC-6121-47FB-AEBF-57A1D94DD09E}.Beta|Any CPU.Build.0 = Release|Any CPU
		{D08C41CC-6121-47FB-AEBF-57A1D94DD09E}.Debug|Any CPU.ActiveCfg = Debug|Any CPU
		{D08C41CC-6121-47FB-AEBF-57A1D94DD09E}.Debug|Any CPU.Build.0 = Debug|Any CPU
		{D08C41CC-6121-47FB-AEBF-57A1D94DD09E}.Developer|Any CPU.ActiveCfg = Release|Any CPU
		{D08C41CC-6121-47FB-AEBF-57A1D94DD09E}.Developer-Updater|Any CPU.ActiveCfg = Release|Any CPU
		{D08C41CC-6121-47FB-AEBF-57A1D94DD09E}.Release|Any CPU.ActiveCfg = Release|Any CPU
		{D08C41CC-6121-47FB-AEBF-57A1D94DD09E}.Release|Any CPU.Build.0 = Release|Any CPU
		{D08C41CC-6121-47FB-AEBF-57A1D94DD09E}.ReleaseTrace|Any CPU.ActiveCfg = ReleaseTrace|Any CPU
		{D08C41CC-6121-47FB-AEBF-57A1D94DD09E}.ReleaseTrace|Any CPU.Build.0 = ReleaseTrace|Any CPU
		{D08C41CC-6121-47FB-AEBF-57A1D94DD09E}.Test API 0.9.0|Any CPU.ActiveCfg = Release|Any CPU
		{D08C41CC-6121-47FB-AEBF-57A1D94DD09E}.Test API 1.0.3|Any CPU.ActiveCfg = Release|Any CPU
		{D08C41CC-6121-47FB-AEBF-57A1D94DD09E}.Test API 1.0.4|Any CPU.ActiveCfg = Release|Any CPU
		{D08C41CC-6121-47FB-AEBF-57A1D94DD09E}.Test API 1.0.5|Any CPU.ActiveCfg = Release|Any CPU
		{D08C41CC-6121-47FB-AEBF-57A1D94DD09E}.Test API 1.0.6|Any CPU.ActiveCfg = Release|Any CPU
		{D08C41CC-6121-47FB-AEBF-57A1D94DD09E}.Test API 2.0.0|Any CPU.ActiveCfg = Release|Any CPU
		{D08C41CC-6121-47FB-AEBF-57A1D94DD09E}.Test API 2.1.0|Any CPU.ActiveCfg = Release|Any CPU
		{47363338-1B57-467C-93B9-DD9FB293AF27}.Beta|Any CPU.ActiveCfg = API 1.0.3|Any CPU
		{47363338-1B57-467C-93B9-DD9FB293AF27}.Debug|Any CPU.ActiveCfg = API 2.0.0|Any CPU
		{47363338-1B57-467C-93B9-DD9FB293AF27}.Debug|Any CPU.Build.0 = API 2.0.0|Any CPU
		{47363338-1B57-467C-93B9-DD9FB293AF27}.Developer|Any CPU.ActiveCfg = API 1.0.3|Any CPU
		{47363338-1B57-467C-93B9-DD9FB293AF27}.Developer-Updater|Any CPU.ActiveCfg = API 1.0.3|Any CPU
		{47363338-1B57-467C-93B9-DD9FB293AF27}.Release|Any CPU.ActiveCfg = API 1.0.3|Any CPU
		{47363338-1B57-467C-93B9-DD9FB293AF27}.ReleaseTrace|Any CPU.ActiveCfg = API 1.0.3|Any CPU
		{47363338-1B57-467C-93B9-DD9FB293AF27}.Test API 0.9.0|Any CPU.ActiveCfg = API 0.9.0|Any CPU
		{47363338-1B57-467C-93B9-DD9FB293AF27}.Test API 0.9.0|Any CPU.Build.0 = API 0.9.0|Any CPU
		{47363338-1B57-467C-93B9-DD9FB293AF27}.Test API 1.0.3|Any CPU.ActiveCfg = API 1.0.3|Any CPU
		{47363338-1B57-467C-93B9-DD9FB293AF27}.Test API 1.0.3|Any CPU.Build.0 = API 1.0.3|Any CPU
		{47363338-1B57-467C-93B9-DD9FB293AF27}.Test API 1.0.4|Any CPU.ActiveCfg = API 1.0.4|Any CPU
		{47363338-1B57-467C-93B9-DD9FB293AF27}.Test API 1.0.4|Any CPU.Build.0 = API 1.0.4|Any CPU
		{47363338-1B57-467C-93B9-DD9FB293AF27}.Test API 1.0.5|Any CPU.ActiveCfg = API 1.0.5|Any CPU
		{47363338-1B57-467C-93B9-DD9FB293AF27}.Test API 1.0.5|Any CPU.Build.0 = API 1.0.5|Any CPU
		{47363338-1B57-467C-93B9-DD9FB293AF27}.Test API 1.0.6|Any CPU.ActiveCfg = API 1.0.6|Any CPU
		{47363338-1B57-467C-93B9-DD9FB293AF27}.Test API 1.0.6|Any CPU.Build.0 = API 1.0.6|Any CPU
		{47363338-1B57-467C-93B9-DD9FB293AF27}.Test API 2.0.0|Any CPU.ActiveCfg = API 2.0.0|Any CPU
		{47363338-1B57-467C-93B9-DD9FB293AF27}.Test API 2.0.0|Any CPU.Build.0 = API 2.0.0|Any CPU
		{47363338-1B57-467C-93B9-DD9FB293AF27}.Test API 2.1.0|Any CPU.ActiveCfg = API 2.1.0|Any CPU
		{47363338-1B57-467C-93B9-DD9FB293AF27}.Test API 2.1.0|Any CPU.Build.0 = API 2.1.0|Any CPU
		{A3462C5B-B9A4-4154-9855-F3025E943946}.Beta|Any CPU.ActiveCfg = Debug|Any CPU
		{A3462C5B-B9A4-4154-9855-F3025E943946}.Debug|Any CPU.ActiveCfg = Debug|Any CPU
		{A3462C5B-B9A4-4154-9855-F3025E943946}.Developer|Any CPU.ActiveCfg = Debug|Any CPU
		{A3462C5B-B9A4-4154-9855-F3025E943946}.Developer-Updater|Any CPU.ActiveCfg = Debug|Any CPU
		{A3462C5B-B9A4-4154-9855-F3025E943946}.Release|Any CPU.ActiveCfg = Release|Any CPU
		{A3462C5B-B9A4-4154-9855-F3025E943946}.ReleaseTrace|Any CPU.ActiveCfg = Release|Any CPU
		{A3462C5B-B9A4-4154-9855-F3025E943946}.ReleaseTrace|Any CPU.Build.0 = Release|Any CPU
		{A3462C5B-B9A4-4154-9855-F3025E943946}.Test API 0.9.0|Any CPU.ActiveCfg = Debug|Any CPU
		{A3462C5B-B9A4-4154-9855-F3025E943946}.Test API 1.0.3|Any CPU.ActiveCfg = Debug|Any CPU
		{A3462C5B-B9A4-4154-9855-F3025E943946}.Test API 1.0.4|Any CPU.ActiveCfg = Debug|Any CPU
		{A3462C5B-B9A4-4154-9855-F3025E943946}.Test API 1.0.5|Any CPU.ActiveCfg = Debug|Any CPU
		{A3462C5B-B9A4-4154-9855-F3025E943946}.Test API 1.0.6|Any CPU.ActiveCfg = Debug|Any CPU
		{A3462C5B-B9A4-4154-9855-F3025E943946}.Test API 2.0.0|Any CPU.ActiveCfg = Debug|Any CPU
		{A3462C5B-B9A4-4154-9855-F3025E943946}.Test API 2.1.0|Any CPU.ActiveCfg = Debug|Any CPU
		{5AA1D11D-0BDF-444B-9EAC-4BECD180CFCC}.Beta|Any CPU.ActiveCfg = Debug|Any CPU
		{5AA1D11D-0BDF-444B-9EAC-4BECD180CFCC}.Beta|Any CPU.Build.0 = Debug|Any CPU
		{5AA1D11D-0BDF-444B-9EAC-4BECD180CFCC}.Debug|Any CPU.ActiveCfg = Debug|Any CPU
		{5AA1D11D-0BDF-444B-9EAC-4BECD180CFCC}.Debug|Any CPU.Build.0 = Debug|Any CPU
		{5AA1D11D-0BDF-444B-9EAC-4BECD180CFCC}.Developer|Any CPU.ActiveCfg = Debug|Any CPU
		{5AA1D11D-0BDF-444B-9EAC-4BECD180CFCC}.Developer-Updater|Any CPU.ActiveCfg = Debug|Any CPU
		{5AA1D11D-0BDF-444B-9EAC-4BECD180CFCC}.Release|Any CPU.ActiveCfg = Release|Any CPU
		{5AA1D11D-0BDF-444B-9EAC-4BECD180CFCC}.Release|Any CPU.Build.0 = Release|Any CPU
		{5AA1D11D-0BDF-444B-9EAC-4BECD180CFCC}.ReleaseTrace|Any CPU.ActiveCfg = Release|Any CPU
		{5AA1D11D-0BDF-444B-9EAC-4BECD180CFCC}.ReleaseTrace|Any CPU.Build.0 = Release|Any CPU
		{5AA1D11D-0BDF-444B-9EAC-4BECD180CFCC}.Test API 0.9.0|Any CPU.ActiveCfg = Debug|Any CPU
		{5AA1D11D-0BDF-444B-9EAC-4BECD180CFCC}.Test API 0.9.0|Any CPU.Build.0 = Debug|Any CPU
		{5AA1D11D-0BDF-444B-9EAC-4BECD180CFCC}.Test API 1.0.3|Any CPU.ActiveCfg = Debug|Any CPU
		{5AA1D11D-0BDF-444B-9EAC-4BECD180CFCC}.Test API 1.0.3|Any CPU.Build.0 = Debug|Any CPU
		{5AA1D11D-0BDF-444B-9EAC-4BECD180CFCC}.Test API 1.0.4|Any CPU.ActiveCfg = Debug|Any CPU
		{5AA1D11D-0BDF-444B-9EAC-4BECD180CFCC}.Test API 1.0.4|Any CPU.Build.0 = Debug|Any CPU
		{5AA1D11D-0BDF-444B-9EAC-4BECD180CFCC}.Test API 1.0.5|Any CPU.ActiveCfg = Debug|Any CPU
		{5AA1D11D-0BDF-444B-9EAC-4BECD180CFCC}.Test API 1.0.5|Any CPU.Build.0 = Debug|Any CPU
		{5AA1D11D-0BDF-444B-9EAC-4BECD180CFCC}.Test API 1.0.6|Any CPU.ActiveCfg = Debug|Any CPU
		{5AA1D11D-0BDF-444B-9EAC-4BECD180CFCC}.Test API 1.0.6|Any CPU.Build.0 = Debug|Any CPU
		{5AA1D11D-0BDF-444B-9EAC-4BECD180CFCC}.Test API 2.0.0|Any CPU.ActiveCfg = Debug|Any CPU
		{5AA1D11D-0BDF-444B-9EAC-4BECD180CFCC}.Test API 2.0.0|Any CPU.Build.0 = Debug|Any CPU
		{5AA1D11D-0BDF-444B-9EAC-4BECD180CFCC}.Test API 2.1.0|Any CPU.ActiveCfg = Debug|Any CPU
		{0C927296-4824-4A93-B6A4-4DE7134F921B}.Beta|Any CPU.ActiveCfg = API 0.9.0.39|Any CPU
		{0C927296-4824-4A93-B6A4-4DE7134F921B}.Debug|Any CPU.ActiveCfg = API 1.0.3|Any CPU
		{0C927296-4824-4A93-B6A4-4DE7134F921B}.Debug|Any CPU.Build.0 = API 1.0.3|Any CPU
		{0C927296-4824-4A93-B6A4-4DE7134F921B}.Developer|Any CPU.ActiveCfg = API 0.9.0.39|Any CPU
		{0C927296-4824-4A93-B6A4-4DE7134F921B}.Developer-Updater|Any CPU.ActiveCfg = API 0.9.0.39|Any CPU
		{0C927296-4824-4A93-B6A4-4DE7134F921B}.Release|Any CPU.ActiveCfg = API 0.9.0.39|Any CPU
		{0C927296-4824-4A93-B6A4-4DE7134F921B}.ReleaseTrace|Any CPU.ActiveCfg = API 0.9.0.39|Any CPU
		{0C927296-4824-4A93-B6A4-4DE7134F921B}.Test API 0.9.0|Any CPU.ActiveCfg = API 0.9.0.39|Any CPU
		{0C927296-4824-4A93-B6A4-4DE7134F921B}.Test API 0.9.0|Any CPU.Build.0 = API 0.9.0.39|Any CPU
		{0C927296-4824-4A93-B6A4-4DE7134F921B}.Test API 1.0.3|Any CPU.ActiveCfg = API 1.0.3|Any CPU
		{0C927296-4824-4A93-B6A4-4DE7134F921B}.Test API 1.0.3|Any CPU.Build.0 = API 1.0.3|Any CPU
		{0C927296-4824-4A93-B6A4-4DE7134F921B}.Test API 1.0.4|Any CPU.ActiveCfg = API 1.0.4|Any CPU
		{0C927296-4824-4A93-B6A4-4DE7134F921B}.Test API 1.0.4|Any CPU.Build.0 = API 1.0.4|Any CPU
		{0C927296-4824-4A93-B6A4-4DE7134F921B}.Test API 1.0.5|Any CPU.ActiveCfg = API 1.0.5|Any CPU
		{0C927296-4824-4A93-B6A4-4DE7134F921B}.Test API 1.0.5|Any CPU.Build.0 = API 1.0.5|Any CPU
		{0C927296-4824-4A93-B6A4-4DE7134F921B}.Test API 1.0.6|Any CPU.ActiveCfg = API 1.0.6|Any CPU
		{0C927296-4824-4A93-B6A4-4DE7134F921B}.Test API 1.0.6|Any CPU.Build.0 = API 1.0.6|Any CPU
		{0C927296-4824-4A93-B6A4-4DE7134F921B}.Test API 2.0.0|Any CPU.ActiveCfg = API 2.0.0|Any CPU
		{0C927296-4824-4A93-B6A4-4DE7134F921B}.Test API 2.0.0|Any CPU.Build.0 = API 2.0.0|Any CPU
		{0C927296-4824-4A93-B6A4-4DE7134F921B}.Test API 2.1.0|Any CPU.ActiveCfg = API 2.0.0|Any CPU
		{DFA6062B-B7C5-47C7-80E5-091788F43268}.Beta|Any CPU.ActiveCfg = Release|Any CPU
		{DFA6062B-B7C5-47C7-80E5-091788F43268}.Debug|Any CPU.ActiveCfg = Release|Any CPU
		{DFA6062B-B7C5-47C7-80E5-091788F43268}.Debug|Any CPU.Build.0 = Release|Any CPU
		{DFA6062B-B7C5-47C7-80E5-091788F43268}.Developer|Any CPU.ActiveCfg = Release|Any CPU
		{DFA6062B-B7C5-47C7-80E5-091788F43268}.Developer-Updater|Any CPU.ActiveCfg = Release|Any CPU
		{DFA6062B-B7C5-47C7-80E5-091788F43268}.Release|Any CPU.ActiveCfg = Release|Any CPU
		{DFA6062B-B7C5-47C7-80E5-091788F43268}.ReleaseTrace|Any CPU.ActiveCfg = Release|Any CPU
		{DFA6062B-B7C5-47C7-80E5-091788F43268}.Test API 0.9.0|Any CPU.ActiveCfg = Release|Any CPU
		{DFA6062B-B7C5-47C7-80E5-091788F43268}.Test API 1.0.3|Any CPU.ActiveCfg = Release|Any CPU
		{DFA6062B-B7C5-47C7-80E5-091788F43268}.Test API 1.0.4|Any CPU.ActiveCfg = Release|Any CPU
		{DFA6062B-B7C5-47C7-80E5-091788F43268}.Test API 1.0.5|Any CPU.ActiveCfg = Release|Any CPU
		{DFA6062B-B7C5-47C7-80E5-091788F43268}.Test API 1.0.6|Any CPU.ActiveCfg = Release|Any CPU
		{DFA6062B-B7C5-47C7-80E5-091788F43268}.Test API 2.0.0|Any CPU.ActiveCfg = Release|Any CPU
		{DFA6062B-B7C5-47C7-80E5-091788F43268}.Test API 2.1.0|Any CPU.ActiveCfg = Release|Any CPU
		{0218F07C-212B-4272-B58D-08979AE2648C}.Beta|Any CPU.ActiveCfg = API 0.9.0|Any CPU
		{0218F07C-212B-4272-B58D-08979AE2648C}.Debug|Any CPU.ActiveCfg = API 1.0.3|Any CPU
		{0218F07C-212B-4272-B58D-08979AE2648C}.Debug|Any CPU.Build.0 = API 1.0.3|Any CPU
		{0218F07C-212B-4272-B58D-08979AE2648C}.Developer|Any CPU.ActiveCfg = API 0.9.0|Any CPU
		{0218F07C-212B-4272-B58D-08979AE2648C}.Developer-Updater|Any CPU.ActiveCfg = API 0.9.0|Any CPU
		{0218F07C-212B-4272-B58D-08979AE2648C}.Release|Any CPU.ActiveCfg = API 0.9.0|Any CPU
		{0218F07C-212B-4272-B58D-08979AE2648C}.ReleaseTrace|Any CPU.ActiveCfg = API 0.9.0|Any CPU
		{0218F07C-212B-4272-B58D-08979AE2648C}.Test API 0.9.0|Any CPU.ActiveCfg = API 0.9.0|Any CPU
		{0218F07C-212B-4272-B58D-08979AE2648C}.Test API 0.9.0|Any CPU.Build.0 = API 0.9.0|Any CPU
		{0218F07C-212B-4272-B58D-08979AE2648C}.Test API 1.0.3|Any CPU.ActiveCfg = API 1.0.3|Any CPU
		{0218F07C-212B-4272-B58D-08979AE2648C}.Test API 1.0.3|Any CPU.Build.0 = API 1.0.3|Any CPU
		{0218F07C-212B-4272-B58D-08979AE2648C}.Test API 1.0.4|Any CPU.ActiveCfg = API 1.0.4|Any CPU
		{0218F07C-212B-4272-B58D-08979AE2648C}.Test API 1.0.4|Any CPU.Build.0 = API 1.0.4|Any CPU
		{0218F07C-212B-4272-B58D-08979AE2648C}.Test API 1.0.5|Any CPU.ActiveCfg = API 1.0.5|Any CPU
		{0218F07C-212B-4272-B58D-08979AE2648C}.Test API 1.0.5|Any CPU.Build.0 = API 1.0.5|Any CPU
		{0218F07C-212B-4272-B58D-08979AE2648C}.Test API 1.0.6|Any CPU.ActiveCfg = API 1.0.6|Any CPU
		{0218F07C-212B-4272-B58D-08979AE2648C}.Test API 1.0.6|Any CPU.Build.0 = API 1.0.6|Any CPU
		{0218F07C-212B-4272-B58D-08979AE2648C}.Test API 2.0.0|Any CPU.ActiveCfg = API 2.0.0|Any CPU
		{0218F07C-212B-4272-B58D-08979AE2648C}.Test API 2.0.0|Any CPU.Build.0 = API 2.0.0|Any CPU
		{0218F07C-212B-4272-B58D-08979AE2648C}.Test API 2.1.0|Any CPU.ActiveCfg = API 2.0.0|Any CPU
		{4289BD55-25F6-49F8-B282-FB7D708BC0B4}.Beta|Any CPU.ActiveCfg = Release|Any CPU
		{4289BD55-25F6-49F8-B282-FB7D708BC0B4}.Debug|Any CPU.ActiveCfg = Release|Any CPU
		{4289BD55-25F6-49F8-B282-FB7D708BC0B4}.Debug|Any CPU.Build.0 = Release|Any CPU
		{4289BD55-25F6-49F8-B282-FB7D708BC0B4}.Developer|Any CPU.ActiveCfg = Release|Any CPU
		{4289BD55-25F6-49F8-B282-FB7D708BC0B4}.Developer-Updater|Any CPU.ActiveCfg = Release|Any CPU
		{4289BD55-25F6-49F8-B282-FB7D708BC0B4}.Release|Any CPU.ActiveCfg = Release|Any CPU
		{4289BD55-25F6-49F8-B282-FB7D708BC0B4}.ReleaseTrace|Any CPU.ActiveCfg = Release|Any CPU
		{4289BD55-25F6-49F8-B282-FB7D708BC0B4}.Test API 0.9.0|Any CPU.ActiveCfg = Release|Any CPU
		{4289BD55-25F6-49F8-B282-FB7D708BC0B4}.Test API 1.0.3|Any CPU.ActiveCfg = Release|Any CPU
		{4289BD55-25F6-49F8-B282-FB7D708BC0B4}.Test API 1.0.4|Any CPU.ActiveCfg = Release|Any CPU
		{4289BD55-25F6-49F8-B282-FB7D708BC0B4}.Test API 1.0.5|Any CPU.ActiveCfg = Release|Any CPU
		{4289BD55-25F6-49F8-B282-FB7D708BC0B4}.Test API 1.0.6|Any CPU.ActiveCfg = Release|Any CPU
		{4289BD55-25F6-49F8-B282-FB7D708BC0B4}.Test API 2.0.0|Any CPU.ActiveCfg = Release|Any CPU
		{4289BD55-25F6-49F8-B282-FB7D708BC0B4}.Test API 2.1.0|Any CPU.ActiveCfg = Release|Any CPU
		{D44153F7-68A7-4B27-81E3-6B7AAC8C8B52}.Beta|Any CPU.ActiveCfg = Release|Any CPU
		{D44153F7-68A7-4B27-81E3-6B7AAC8C8B52}.Debug|Any CPU.ActiveCfg = Release|Any CPU
		{D44153F7-68A7-4B27-81E3-6B7AAC8C8B52}.Debug|Any CPU.Build.0 = Release|Any CPU
		{D44153F7-68A7-4B27-81E3-6B7AAC8C8B52}.Developer|Any CPU.ActiveCfg = Release|Any CPU
		{D44153F7-68A7-4B27-81E3-6B7AAC8C8B52}.Developer-Updater|Any CPU.ActiveCfg = Release|Any CPU
		{D44153F7-68A7-4B27-81E3-6B7AAC8C8B52}.Release|Any CPU.ActiveCfg = Release|Any CPU
		{D44153F7-68A7-4B27-81E3-6B7AAC8C8B52}.ReleaseTrace|Any CPU.ActiveCfg = Release|Any CPU
		{D44153F7-68A7-4B27-81E3-6B7AAC8C8B52}.Test API 0.9.0|Any CPU.ActiveCfg = Release|Any CPU
		{D44153F7-68A7-4B27-81E3-6B7AAC8C8B52}.Test API 1.0.3|Any CPU.ActiveCfg = Release|Any CPU
		{D44153F7-68A7-4B27-81E3-6B7AAC8C8B52}.Test API 1.0.4|Any CPU.ActiveCfg = Release|Any CPU
		{D44153F7-68A7-4B27-81E3-6B7AAC8C8B52}.Test API 1.0.5|Any CPU.ActiveCfg = Release|Any CPU
		{D44153F7-68A7-4B27-81E3-6B7AAC8C8B52}.Test API 1.0.6|Any CPU.ActiveCfg = Release|Any CPU
		{D44153F7-68A7-4B27-81E3-6B7AAC8C8B52}.Test API 2.0.0|Any CPU.ActiveCfg = Release|Any CPU
		{D44153F7-68A7-4B27-81E3-6B7AAC8C8B52}.Test API 2.1.0|Any CPU.ActiveCfg = Release|Any CPU
		{C07FE5CD-5BC9-469D-A7CB-9C88E534D5CB}.Beta|Any CPU.ActiveCfg = Release|Any CPU
		{C07FE5CD-5BC9-469D-A7CB-9C88E534D5CB}.Debug|Any CPU.ActiveCfg = Debug|Any CPU
		{C07FE5CD-5BC9-469D-A7CB-9C88E534D5CB}.Debug|Any CPU.Build.0 = Debug|Any CPU
		{C07FE5CD-5BC9-469D-A7CB-9C88E534D5CB}.Developer|Any CPU.ActiveCfg = Release|Any CPU
		{C07FE5CD-5BC9-469D-A7CB-9C88E534D5CB}.Developer-Updater|Any CPU.ActiveCfg = Release|Any CPU
		{C07FE5CD-5BC9-469D-A7CB-9C88E534D5CB}.Release|Any CPU.ActiveCfg = Release|Any CPU
		{C07FE5CD-5BC9-469D-A7CB-9C88E534D5CB}.Release|Any CPU.Build.0 = Release|Any CPU
		{C07FE5CD-5BC9-469D-A7CB-9C88E534D5CB}.ReleaseTrace|Any CPU.ActiveCfg = Release|Any CPU
		{C07FE5CD-5BC9-469D-A7CB-9C88E534D5CB}.ReleaseTrace|Any CPU.Build.0 = Release|Any CPU
		{C07FE5CD-5BC9-469D-A7CB-9C88E534D5CB}.Test API 0.9.0|Any CPU.ActiveCfg = Release|Any CPU
		{C07FE5CD-5BC9-469D-A7CB-9C88E534D5CB}.Test API 1.0.3|Any CPU.ActiveCfg = Release|Any CPU
		{C07FE5CD-5BC9-469D-A7CB-9C88E534D5CB}.Test API 1.0.4|Any CPU.ActiveCfg = Release|Any CPU
		{C07FE5CD-5BC9-469D-A7CB-9C88E534D5CB}.Test API 1.0.5|Any CPU.ActiveCfg = Release|Any CPU
		{C07FE5CD-5BC9-469D-A7CB-9C88E534D5CB}.Test API 1.0.6|Any CPU.ActiveCfg = Release|Any CPU
		{C07FE5CD-5BC9-469D-A7CB-9C88E534D5CB}.Test API 2.0.0|Any CPU.ActiveCfg = Release|Any CPU
		{C07FE5CD-5BC9-469D-A7CB-9C88E534D5CB}.Test API 2.1.0|Any CPU.ActiveCfg = Release|Any CPU
		{59543916-F7C6-4AF3-85D5-E5FA53A266FE}.Beta|Any CPU.ActiveCfg = Debug|Any CPU
		{59543916-F7C6-4AF3-85D5-E5FA53A266FE}.Debug|Any CPU.ActiveCfg = Debug|Any CPU
		{59543916-F7C6-4AF3-85D5-E5FA53A266FE}.Developer|Any CPU.ActiveCfg = Debug|Any CPU
		{59543916-F7C6-4AF3-85D5-E5FA53A266FE}.Developer-Updater|Any CPU.ActiveCfg = Debug|Any CPU
		{59543916-F7C6-4AF3-85D5-E5FA53A266FE}.Release|Any CPU.ActiveCfg = Release|Any CPU
		{59543916-F7C6-4AF3-85D5-E5FA53A266FE}.ReleaseTrace|Any CPU.ActiveCfg = Release|Any CPU
		{59543916-F7C6-4AF3-85D5-E5FA53A266FE}.Test API 0.9.0|Any CPU.ActiveCfg = Debug|Any CPU
		{59543916-F7C6-4AF3-85D5-E5FA53A266FE}.Test API 1.0.3|Any CPU.ActiveCfg = Debug|Any CPU
		{59543916-F7C6-4AF3-85D5-E5FA53A266FE}.Test API 1.0.3|Any CPU.Build.0 = Debug|Any CPU
		{59543916-F7C6-4AF3-85D5-E5FA53A266FE}.Test API 1.0.4|Any CPU.ActiveCfg = Debug|Any CPU
		{59543916-F7C6-4AF3-85D5-E5FA53A266FE}.Test API 1.0.4|Any CPU.Build.0 = Debug|Any CPU
		{59543916-F7C6-4AF3-85D5-E5FA53A266FE}.Test API 1.0.5|Any CPU.ActiveCfg = Debug|Any CPU
		{59543916-F7C6-4AF3-85D5-E5FA53A266FE}.Test API 1.0.5|Any CPU.Build.0 = Debug|Any CPU
		{59543916-F7C6-4AF3-85D5-E5FA53A266FE}.Test API 1.0.6|Any CPU.ActiveCfg = Debug|Any CPU
		{59543916-F7C6-4AF3-85D5-E5FA53A266FE}.Test API 1.0.6|Any CPU.Build.0 = Debug|Any CPU
		{59543916-F7C6-4AF3-85D5-E5FA53A266FE}.Test API 2.0.0|Any CPU.ActiveCfg = Debug|Any CPU
		{59543916-F7C6-4AF3-85D5-E5FA53A266FE}.Test API 2.0.0|Any CPU.Build.0 = Debug|Any CPU
		{59543916-F7C6-4AF3-85D5-E5FA53A266FE}.Test API 2.1.0|Any CPU.ActiveCfg = Debug|Any CPU
		{59543916-F7C6-4AF3-85D5-E5FA53A266FE}.Test API 2.1.0|Any CPU.Build.0 = Debug|Any CPU
		{00B9E62A-CC2C-438D-9E21-F9958BE9C1D7}.Beta|Any CPU.ActiveCfg = Debug|Any CPU
		{00B9E62A-CC2C-438D-9E21-F9958BE9C1D7}.Beta|Any CPU.Build.0 = Debug|Any CPU
		{00B9E62A-CC2C-438D-9E21-F9958BE9C1D7}.Debug|Any CPU.ActiveCfg = Release|Any CPU
		{00B9E62A-CC2C-438D-9E21-F9958BE9C1D7}.Debug|Any CPU.Build.0 = Release|Any CPU
		{00B9E62A-CC2C-438D-9E21-F9958BE9C1D7}.Developer|Any CPU.ActiveCfg = Debug|Any CPU
		{00B9E62A-CC2C-438D-9E21-F9958BE9C1D7}.Developer|Any CPU.Build.0 = Debug|Any CPU
		{00B9E62A-CC2C-438D-9E21-F9958BE9C1D7}.Developer-Updater|Any CPU.ActiveCfg = Debug|Any CPU
		{00B9E62A-CC2C-438D-9E21-F9958BE9C1D7}.Developer-Updater|Any CPU.Build.0 = Debug|Any CPU
		{00B9E62A-CC2C-438D-9E21-F9958BE9C1D7}.Release|Any CPU.ActiveCfg = Release|Any CPU
		{00B9E62A-CC2C-438D-9E21-F9958BE9C1D7}.Release|Any CPU.Build.0 = Release|Any CPU
		{00B9E62A-CC2C-438D-9E21-F9958BE9C1D7}.ReleaseTrace|Any CPU.ActiveCfg = Release|Any CPU
		{00B9E62A-CC2C-438D-9E21-F9958BE9C1D7}.ReleaseTrace|Any CPU.Build.0 = Release|Any CPU
		{00B9E62A-CC2C-438D-9E21-F9958BE9C1D7}.Test API 0.9.0|Any CPU.ActiveCfg = Debug|Any CPU
		{00B9E62A-CC2C-438D-9E21-F9958BE9C1D7}.Test API 0.9.0|Any CPU.Build.0 = Debug|Any CPU
		{00B9E62A-CC2C-438D-9E21-F9958BE9C1D7}.Test API 1.0.3|Any CPU.ActiveCfg = Debug|Any CPU
		{00B9E62A-CC2C-438D-9E21-F9958BE9C1D7}.Test API 1.0.3|Any CPU.Build.0 = Debug|Any CPU
		{00B9E62A-CC2C-438D-9E21-F9958BE9C1D7}.Test API 1.0.4|Any CPU.ActiveCfg = Debug|Any CPU
		{00B9E62A-CC2C-438D-9E21-F9958BE9C1D7}.Test API 1.0.4|Any CPU.Build.0 = Debug|Any CPU
		{00B9E62A-CC2C-438D-9E21-F9958BE9C1D7}.Test API 1.0.5|Any CPU.ActiveCfg = Debug|Any CPU
		{00B9E62A-CC2C-438D-9E21-F9958BE9C1D7}.Test API 1.0.5|Any CPU.Build.0 = Debug|Any CPU
		{00B9E62A-CC2C-438D-9E21-F9958BE9C1D7}.Test API 1.0.6|Any CPU.ActiveCfg = Debug|Any CPU
		{00B9E62A-CC2C-438D-9E21-F9958BE9C1D7}.Test API 1.0.6|Any CPU.Build.0 = Debug|Any CPU
		{00B9E62A-CC2C-438D-9E21-F9958BE9C1D7}.Test API 2.0.0|Any CPU.ActiveCfg = Debug|Any CPU
		{00B9E62A-CC2C-438D-9E21-F9958BE9C1D7}.Test API 2.0.0|Any CPU.Build.0 = Debug|Any CPU
		{00B9E62A-CC2C-438D-9E21-F9958BE9C1D7}.Test API 2.1.0|Any CPU.ActiveCfg = Debug|Any CPU
		{00B9E62A-CC2C-438D-9E21-F9958BE9C1D7}.Test API 2.1.0|Any CPU.Build.0 = Debug|Any CPU
	EndGlobalSection
	GlobalSection(SolutionProperties) = preSolution
		HideSolutionNode = FALSE
	EndGlobalSection
	GlobalSection(NestedProjects) = preSolution
		{4F26A041-2AD5-4A91-93E7-8FA03EB456FF} = {04E56FB8-877B-40F2-A88C-4F8729323B35}
		{D80AFD7C-CB94-4696-B1F8-6255A5B07FB0} = {04E56FB8-877B-40F2-A88C-4F8729323B35}
		{47363338-1B57-467C-93B9-DD9FB293AF27} = {0F83BF35-817F-4E70-BBC0-88F689484C73}
		{5AA1D11D-0BDF-444B-9EAC-4BECD180CFCC} = {0F83BF35-817F-4E70-BBC0-88F689484C73}
		{0C927296-4824-4A93-B6A4-4DE7134F921B} = {333615FB-C098-4031-B149-38B398C3C43D}
		{DFA6062B-B7C5-47C7-80E5-091788F43268} = {333615FB-C098-4031-B149-38B398C3C43D}
		{0218F07C-212B-4272-B58D-08979AE2648C} = {333615FB-C098-4031-B149-38B398C3C43D}
		{4289BD55-25F6-49F8-B282-FB7D708BC0B4} = {333615FB-C098-4031-B149-38B398C3C43D}
		{D44153F7-68A7-4B27-81E3-6B7AAC8C8B52} = {333615FB-C098-4031-B149-38B398C3C43D}
		{59543916-F7C6-4AF3-85D5-E5FA53A266FE} = {333615FB-C098-4031-B149-38B398C3C43D}
		{00B9E62A-CC2C-438D-9E21-F9958BE9C1D7} = {04E56FB8-877B-40F2-A88C-4F8729323B35}
	EndGlobalSection
	GlobalSection(ExtensibilityGlobals) = postSolution
		SolutionGuid = {60A1F2F9-555F-4FF8-A240-385170CFB39F}
	EndGlobalSection
EndGlobal
